
Microsoft Visual Studio Solution File, Format Version 12.00
# Visual Studio Version 17
VisualStudioVersion = 17.14.36109.1 d17.14
MinimumVisualStudioVersion = 10.0.40219.1
Project("{FAE04EC0-301F-11D3-BF4B-00C04F79EFBC}") = "TaskNTeamManganementSystem", "TaskNTeamManganementSystem\TaskNTeamManganementSystem.csproj", "{5D5C1218-2C74-46F1-B5C0-97CDE4FFCB77}"
EndProject
Global
	GlobalSection(SolutionConfigurationPlatforms) = preSolution
		Debug|Any CPU = Debug|Any CPU
		Release|Any CPU = Release|Any CPU
	EndGlobalSection
	GlobalSection(ProjectConfigurationPlatforms) = postSolution
		{5D5C1218-2C74-46F1-B5C0-97CDE4FFCB77}.Debug|Any CPU.ActiveCfg = Debug|Any CPU
		{5D5C1218-2C74-46F1-B5C0-97CDE4FFCB77}.Debug|Any CPU.Build.0 = Debug|Any CPU
		{5D5C1218-2C74-46F1-B5C0-97CDE4FFCB77}.Release|Any CPU.ActiveCfg = Release|Any CPU
		{5D5C1218-2C74-46F1-B5C0-97CDE4FFCB77}.Release|Any CPU.Build.0 = Release|Any CPU
	EndGlobalSection
	GlobalSection(SolutionProperties) = preSolution
		HideSolutionNode = FALSE
	EndGlobalSection
	GlobalSection(ExtensibilityGlobals) = postSolution
		SolutionGuid = {3192F7D2-71A9-44B6-8C62-37A770768C4A}
	EndGlobalSection
EndGlobal
